
Microsoft Visual Studio Solution File, Format Version 12.00
# Visual Studio Version 17
VisualStudioVersion = 17.3.32929.385
MinimumVisualStudioVersion = 10.0.40219.1
Project("{FAE04EC0-301F-11D3-BF4B-00C04F79EFBC}") = "EG.rel", "EG.rel\EG.rel.csproj", "{BB56024B-FF3F-43F4-8BCF-CC4EC5519005}"
EndProject
Global
	GlobalSection(SolutionConfigurationPlatforms) = preSolution
		Debug|Any CPU = Debug|Any CPU
		Release|Any CPU = Release|Any CPU
	EndGlobalSection
	GlobalSection(ProjectConfigurationPlatforms) = postSolution
		{BB56024B-FF3F-43F4-8BCF-CC4EC5519005}.Debug|Any CPU.ActiveCfg = Debug|Any CPU
		{BB56024B-FF3F-43F4-8BCF-CC4EC5519005}.Debug|Any CPU.Build.0 = Debug|Any CPU
		{BB56024B-FF3F-43F4-8BCF-CC4EC5519005}.Release|Any CPU.ActiveCfg = Release|Any CPU
		{BB56024B-FF3F-43F4-8BCF-CC4EC5519005}.Release|Any CPU.Build.0 = Release|Any CPU
	EndGlobalSection
	GlobalSection(SolutionProperties) = preSolution
		HideSolutionNode = FALSE
	EndGlobalSection
	GlobalSection(ExtensibilityGlobals) = postSolution
		SolutionGuid = {FAF616D1-E55F-4FC3-911B-B5D466BF7789}
	EndGlobalSection
EndGlobal
